
Microsoft Visual Studio Solution File, Format Version 12.00
# Visual Studio Version 17
VisualStudioVersion = 17.4.33213.308
MinimumVisualStudioVersion = 10.0.40219.1
Project("{FAE04EC0-301F-11D3-BF4B-00C04F79EFBC}") = "Compraingresso", "Compraingresso\Compraingresso.csproj", "{54D9F701-70C2-4F5A-94A2-E923D6DECA30}"
EndProject
Global
	GlobalSection(SolutionConfigurationPlatforms) = preSolution
		Debug|Any CPU = Debug|Any CPU
		Release|Any CPU = Release|Any CPU
	EndGlobalSection
	GlobalSection(ProjectConfigurationPlatforms) = postSolution
		{54D9F701-70C2-4F5A-94A2-E923D6DECA30}.Debug|Any CPU.ActiveCfg = Debug|Any CPU
		{54D9F701-70C2-4F5A-94A2-E923D6DECA30}.Debug|Any CPU.Build.0 = Debug|Any CPU
		{54D9F701-70C2-4F5A-94A2-E923D6DECA30}.Release|Any CPU.ActiveCfg = Release|Any CPU
		{54D9F701-70C2-4F5A-94A2-E923D6DECA30}.Release|Any CPU.Build.0 = Release|Any CPU
	EndGlobalSection
	GlobalSection(SolutionProperties) = preSolution
		HideSolutionNode = FALSE
	EndGlobalSection
	GlobalSection(ExtensibilityGlobals) = postSolution
		SolutionGuid = {E5067C28-6437-4226-B588-0B8530973709}
	EndGlobalSection
EndGlobal
